# THIS IS AN AUTOGENERATED FILE. DO NOT EDIT THIS FILE DIRECTLY.
# yarn lockfile v1


"@groupelacentrale/libs-cdk@^8.8.3":
  version "8.8.3"
  resolved "https://npm.pkg.github.com/download/@groupelacentrale/libs-cdk/8.8.3/c1479bf389342dc3d5ee3430138adc248f6e1066#c1479bf389342dc3d5ee3430138adc248f6e1066"
  integrity sha512-EEyaFYwUAM1cn3/bjUC2A06Oy3SndISEVhO7tk3kMuUrbqqsrfH8QrZb8j/iPJARBb7Pdrb3smOBjnrtsd/usA==
